
Microsoft Visual Studio Solution File, Format Version 12.00
# Visual Studio Version 17
VisualStudioVersion = 17.0.31903.59
MinimumVisualStudioVersion = 10.0.40219.1
Project("{FAE04EC0-301F-11D3-BF4B-00C04F79EFBC}") = "VaultExampleAPI", "VaultExampleAPI\VaultExampleAPI.csproj", "{8E8D3773-197B-481D-BF39-E04F081FE1CA}"
EndProject
Global
	GlobalSection(SolutionConfigurationPlatforms) = preSolution
		Debug|Any CPU = Debug|Any CPU
		Release|Any CPU = Release|Any CPU
	EndGlobalSection
	GlobalSection(SolutionProperties) = preSolution
		HideSolutionNode = FALSE
	EndGlobalSection
	GlobalSection(ProjectConfigurationPlatforms) = postSolution
		{8E8D3773-197B-481D-BF39-E04F081FE1CA}.Debug|Any CPU.ActiveCfg = Debug|Any CPU
		{8E8D3773-197B-481D-BF39-E04F081FE1CA}.Debug|Any CPU.Build.0 = Debug|Any CPU
		{8E8D3773-197B-481D-BF39-E04F081FE1CA}.Release|Any CPU.ActiveCfg = Release|Any CPU
		{8E8D3773-197B-481D-BF39-E04F081FE1CA}.Release|Any CPU.Build.0 = Release|Any CPU
	EndGlobalSection
EndGlobal
